lockfileVersion: '9.0'

settings:
  autoInstallPeers: true
  excludeLinksFromLockfile: false

importers:

  .:
    dependencies:
      '@hono/node-server':
        specifier: ^1.12.0
        version: 1.19.1(hono@4.7.4)
      dotenv:
        specifier: ^17.2.2
        version: 17.2.2
      hono:
        specifier: ^4.7.4
        version: 4.7.4
      hono-openapi:
        specifier: ^0.3.1
        version: 0.3.1(typescript@5.9.2)
      inversify:
        specifier: ^6.0.2
        version: 6.0.2
      mongodb:
        specifier: ^6.14.2
        version: 6.14.2
      pino:
        specifier: ^9.6.0
        version: 9.6.0
      pino-pretty:
        specifier: ^13.0.0
        version: 13.0.0
      zod:
        specifier: ^3.24.2
        version: 3.25.76
      zod-openapi:
        specifier: ^4.2.2
        version: 4.2.2(zod@3.25.76)
    devDependencies:
      '@types/node':
        specifier: ^20.11.17
        version: 20.19.13
      tsx:
        specifier: ^4.7.1
        version: 4.20.5
      typescript:
        specifier: ^5.8.3
        version: 5.9.2

packages:

  '@apidevtools/json-schema-ref-parser@11.9.3':
    resolution: {integrity: sha512-60vepv88RwcJtSHrD6MjIL6Ta3SOYbgfnkHb+ppAVK+o9mXprRtulx7VlRl3lN3bbvysAfCS7WMVfhUYemB0IQ==}
    engines: {node: '>= 16'}

  '@ark/schema@0.25.0':
    resolution: {integrity: sha512-1Air2M9Je8C/4+YNhJ1QPkoFbERX3PhulDVNW1RmpOpyUjUSM5lcuuyq357jp3a7+M3a5RV2PNdI1XZ/ah8l8Q==}

  '@ark/util@0.25.0':
    resolution: {integrity: sha512-yo2Me+tYnmr6E0E3maZzu643/rL07oR25yBHkH24gllssqYcd6EPCvZE23GEKgbk0iac9J73GlJ9pkgZj43Q2g==}

  '@esbuild/aix-ppc64@0.25.9':
    resolution: {integrity: sha512-OaGtL73Jck6pBKjNIe24BnFE6agGl+6KxDtTfHhy1HmhthfKouEcOhqpSL64K4/0WCtbKFLOdzD/44cJ4k9opA==}
    engines: {node: '>=18'}
    cpu: [ppc64]
    os: [aix]

  '@esbuild/android-arm64@0.25.9':
    resolution: {integrity: sha512-IDrddSmpSv51ftWslJMvl3Q2ZT98fUSL2/rlUXuVqRXHCs5EUF1/f+jbjF5+NG9UffUDMCiTyh8iec7u8RlTLg==}
    engines: {node: '>=18'}
    cpu: [arm64]
    os: [android]

  '@esbuild/android-arm@0.25.9':
    resolution: {integrity: sha512-5WNI1DaMtxQ7t7B6xa572XMXpHAaI/9Hnhk8lcxF4zVN4xstUgTlvuGDorBguKEnZO70qwEcLpfifMLoxiPqHQ==}
    engines: {node: '>=18'}
    cpu: [arm]
    os: [android]

  '@esbuild/android-x64@0.25.9':
    resolution: {integrity: sha512-I853iMZ1hWZdNllhVZKm34f4wErd4lMyeV7BLzEExGEIZYsOzqDWDf+y082izYUE8gtJnYHdeDpN/6tUdwvfiw==}
    engines: {node: '>=18'}
    cpu: [x64]
    os: [android]

  '@esbuild/darwin-arm64@0.25.9':
    resolution: {integrity: sha512-XIpIDMAjOELi/9PB30vEbVMs3GV1v2zkkPnuyRRURbhqjyzIINwj+nbQATh4H9GxUgH1kFsEyQMxwiLFKUS6Rg==}
    engines: {node: '>=18'}
    cpu: [arm64]
    os: [darwin]

  '@esbuild/darwin-x64@0.25.9':
    resolution: {integrity: sha512-jhHfBzjYTA1IQu8VyrjCX4ApJDnH+ez+IYVEoJHeqJm9VhG9Dh2BYaJritkYK3vMaXrf7Ogr/0MQ8/MeIefsPQ==}
    engines: {node: '>=18'}
    cpu: [x64]
    os: [darwin]

  '@esbuild/freebsd-arm64@0.25.9':
    resolution: {integrity: sha512-z93DmbnY6fX9+KdD4Ue/H6sYs+bhFQJNCPZsi4XWJoYblUqT06MQUdBCpcSfuiN72AbqeBFu5LVQTjfXDE2A6Q==}
    engines: {node: '>=18'}
    cpu: [arm64]
    os: [freebsd]

  '@esbuild/freebsd-x64@0.25.9':
    resolution: {integrity: sha512-mrKX6H/vOyo5v71YfXWJxLVxgy1kyt1MQaD8wZJgJfG4gq4DpQGpgTB74e5yBeQdyMTbgxp0YtNj7NuHN0PoZg==}
    engines: {node: '>=18'}
    cpu: [x64]
    os: [freebsd]

  '@esbuild/linux-arm64@0.25.9':
    resolution: {integrity: sha512-BlB7bIcLT3G26urh5Dmse7fiLmLXnRlopw4s8DalgZ8ef79Jj4aUcYbk90g8iCa2467HX8SAIidbL7gsqXHdRw==}
    engines: {node: '>=18'}
    cpu: [arm64]
    os: [linux]

  '@esbuild/linux-arm@0.25.9':
    resolution: {integrity: sha512-HBU2Xv78SMgaydBmdor38lg8YDnFKSARg1Q6AT0/y2ezUAKiZvc211RDFHlEZRFNRVhcMamiToo7bDx3VEOYQw==}
    engines: {node: '>=18'}
    cpu: [arm]
    os: [linux]

  '@esbuild/linux-ia32@0.25.9':
    resolution: {integrity: sha512-e7S3MOJPZGp2QW6AK6+Ly81rC7oOSerQ+P8L0ta4FhVi+/j/v2yZzx5CqqDaWjtPFfYz21Vi1S0auHrap3Ma3A==}
    engines: {node: '>=18'}
    cpu: [ia32]
    os: [linux]

  '@esbuild/linux-loong64@0.25.9':
    resolution: {integrity: sha512-Sbe10Bnn0oUAB2AalYztvGcK+o6YFFA/9829PhOCUS9vkJElXGdphz0A3DbMdP8gmKkqPmPcMJmJOrI3VYB1JQ==}
    engines: {node: '>=18'}
    cpu: [loong64]
    os: [linux]

  '@esbuild/linux-mips64el@0.25.9':
    resolution: {integrity: sha512-YcM5br0mVyZw2jcQeLIkhWtKPeVfAerES5PvOzaDxVtIyZ2NUBZKNLjC5z3/fUlDgT6w89VsxP2qzNipOaaDyA==}
    engines: {node: '>=18'}
    cpu: [mips64el]
    os: [linux]

  '@esbuild/linux-ppc64@0.25.9':
    resolution: {integrity: sha512-++0HQvasdo20JytyDpFvQtNrEsAgNG2CY1CLMwGXfFTKGBGQT3bOeLSYE2l1fYdvML5KUuwn9Z8L1EWe2tzs1w==}
    engines: {node: '>=18'}
    cpu: [ppc64]
    os: [linux]

  '@esbuild/linux-riscv64@0.25.9':
    resolution: {integrity: sha512-uNIBa279Y3fkjV+2cUjx36xkx7eSjb8IvnL01eXUKXez/CBHNRw5ekCGMPM0BcmqBxBcdgUWuUXmVWwm4CH9kg==}
    engines: {node: '>=18'}
    cpu: [riscv64]
    os: [linux]

  '@esbuild/linux-s390x@0.25.9':
    resolution: {integrity: sha512-Mfiphvp3MjC/lctb+7D287Xw1DGzqJPb/J2aHHcHxflUo+8tmN/6d4k6I2yFR7BVo5/g7x2Monq4+Yew0EHRIA==}
    engines: {node: '>=18'}
    cpu: [s390x]
    os: [linux]

  '@esbuild/linux-x64@0.25.9':
    resolution: {integrity: sha512-iSwByxzRe48YVkmpbgoxVzn76BXjlYFXC7NvLYq+b+kDjyyk30J0JY47DIn8z1MO3K0oSl9fZoRmZPQI4Hklzg==}
    engines: {node: '>=18'}
    cpu: [x64]
    os: [linux]

  '@esbuild/netbsd-arm64@0.25.9':
    resolution: {integrity: sha512-9jNJl6FqaUG+COdQMjSCGW4QiMHH88xWbvZ+kRVblZsWrkXlABuGdFJ1E9L7HK+T0Yqd4akKNa/lO0+jDxQD4Q==}
    engines: {node: '>=18'}
    cpu: [arm64]
    os: [netbsd]

  '@esbuild/netbsd-x64@0.25.9':
    resolution: {integrity: sha512-RLLdkflmqRG8KanPGOU7Rpg829ZHu8nFy5Pqdi9U01VYtG9Y0zOG6Vr2z4/S+/3zIyOxiK6cCeYNWOFR9QP87g==}
    engines: {node: '>=18'}
    cpu: [x64]
    os: [netbsd]

  '@esbuild/openbsd-arm64@0.25.9':
    resolution: {integrity: sha512-YaFBlPGeDasft5IIM+CQAhJAqS3St3nJzDEgsgFixcfZeyGPCd6eJBWzke5piZuZ7CtL656eOSYKk4Ls2C0FRQ==}
    engines: {node: '>=18'}
    cpu: [arm64]
    os: [openbsd]

  '@esbuild/openbsd-x64@0.25.9':
    resolution: {integrity: sha512-1MkgTCuvMGWuqVtAvkpkXFmtL8XhWy+j4jaSO2wxfJtilVCi0ZE37b8uOdMItIHz4I6z1bWWtEX4CJwcKYLcuA==}
    engines: {node: '>=18'}
    cpu: [x64]
    os: [openbsd]

  '@esbuild/openharmony-arm64@0.25.9':
    resolution: {integrity: sha512-4Xd0xNiMVXKh6Fa7HEJQbrpP3m3DDn43jKxMjxLLRjWnRsfxjORYJlXPO4JNcXtOyfajXorRKY9NkOpTHptErg==}
    engines: {node: '>=18'}
    cpu: [arm64]
    os: [openharmony]

  '@esbuild/sunos-x64@0.25.9':
    resolution: {integrity: sha512-WjH4s6hzo00nNezhp3wFIAfmGZ8U7KtrJNlFMRKxiI9mxEK1scOMAaa9i4crUtu+tBr+0IN6JCuAcSBJZfnphw==}
    engines: {node: '>=18'}
    cpu: [x64]
    os: [sunos]

  '@esbuild/win32-arm64@0.25.9':
    resolution: {integrity: sha512-mGFrVJHmZiRqmP8xFOc6b84/7xa5y5YvR1x8djzXpJBSv/UsNK6aqec+6JDjConTgvvQefdGhFDAs2DLAds6gQ==}
    engines: {node: '>=18'}
    cpu: [arm64]
    os: [win32]

  '@esbuild/win32-ia32@0.25.9':
    resolution: {integrity: sha512-b33gLVU2k11nVx1OhX3C8QQP6UHQK4ZtN56oFWvVXvz2VkDoe6fbG8TOgHFxEvqeqohmRnIHe5A1+HADk4OQww==}
    engines: {node: '>=18'}
    cpu: [ia32]
    os: [win32]

  '@esbuild/win32-x64@0.25.9':
    resolution: {integrity: sha512-PPOl1mi6lpLNQxnGoyAfschAodRFYXJ+9fs6WHXz7CSWKbOqiMZsubC+BQsVKuul+3vKLuwTHsS2c2y9EoKwxQ==}
    engines: {node: '>=18'}
    cpu: [x64]
    os: [win32]

  '@hono/arktype-validator@2.0.1':
    resolution: {integrity: sha512-Z4PQFtzgbGneBap+TTViRIBAoUWbwEwg8PaKNqALAP6z9N2ksJI81PfcsSQNUzwtrn8LipkMvBb8/D9Pei2GJw==}
    peerDependencies:
      arktype: ^2.0.0-dev.14
      hono: '*'

  '@hono/effect-validator@1.2.0':
    resolution: {integrity: sha512-PJTTVsF3bN/ld7w3g3rcWRzhbgn2wG4CcAtZpgGAz90DF3TLD5ByVkkRI3SK0HnbtPQKT2Ndng+bJvLwV1lZZQ==}
    peerDependencies:
      effect: '>=3.10.0'
      hono: '>=4.4.13'

  '@hono/node-server@1.19.1':
    resolution: {integrity: sha512-h44e5s+ByUriaRIbeS/C74O8v90m0A95luyYQGMF7KEn96KkYMXO7bZAwombzTpjQTU4e0TkU8U1WBIXlwuwtA==}
    engines: {node: '>=18.14.1'}
    peerDependencies:
      hono: ^4

  '@hono/typebox-validator@0.2.6':
    resolution: {integrity: sha512-x+Q7RWiw6rJmJs7MDgtvRbS7ViXXEzqimC0duY4or7y1f89f5Z3KCQSdUSVka+Uv0HZ/O0ZNt+ixNDxfJLi4hA==}
    peerDependencies:
      '@sinclair/typebox': '>=0.31.15 <1'
      hono: '>=3.9.0'

  '@hono/valibot-validator@0.5.3':
    resolution: {integrity: sha512-91wjmjDvrTdEm2ZcuCyLBghtld78QoLEduzfkqLo1L74n6sqqoVfc0gDfmju1Ar6w1eK8Q0UyIubrtj4KMWVnQ==}
    peerDependencies:
      hono: '>=3.9.0'
      valibot: ^1.0.0 || ^1.0.0-beta.4 || ^1.0.0-rc

  '@hono/zod-validator@0.4.3':
    resolution: {integrity: sha512-xIgMYXDyJ4Hj6ekm9T9Y27s080Nl9NXHcJkOvkXPhubOLj8hZkOL8pDnnXfvCf5xEE8Q4oMFenQUZZREUY2gqQ==}
    peerDependencies:
      hono: '>=3.9.0'
      zod: ^3.19.1

  '@jsdevtools/ono@7.1.3':
    resolution: {integrity: sha512-4JQNk+3mVzK3xh2rqd6RB4J46qUR19azEHBneZyTZM+c456qOrbbM/5xcR8huNCCcbVt7+UmizG6GuUvPvKUYg==}

  '@mongodb-js/saslprep@1.3.0':
    resolution: {integrity: sha512-zlayKCsIjYb7/IdfqxorK5+xUMyi4vOKcFy10wKJYc63NSdKI8mNME+uJqfatkPmOSMMUiojrL58IePKBm3gvQ==}

  '@sinclair/typebox@0.34.41':
    resolution: {integrity: sha512-6gS8pZzSXdyRHTIqoqSVknxolr1kzfy4/CeDnrzsVz8TTIWUbOBr6gnzOmTYJ3eXQNh4IYHIGi5aIL7sOZ2G/g==}

  '@standard-schema/spec@1.0.0':
    resolution: {integrity: sha512-m2bOd0f2RT9k8QJx1JN85cZYyH1RqFBdlwtkSlf4tBDYLCiiZnv1fIIwacK6cqwXavOydf0NPToMQgpKq+dVlA==}

  '@types/json-schema@7.0.15':
    resolution: {integrity: sha512-5+fP8P8MFNC+AyZCDxrB2pkZFPGzqQWUzpSeuuVLvm8VMcorNYavBqoFcxK8bQz4Qsbn4oUEEem4wDLfcysGHA==}

  '@types/node@20.19.13':
    resolution: {integrity: sha512-yCAeZl7a0DxgNVteXFHt9+uyFbqXGy/ShC4BlcHkoE0AfGXYv/BUiplV72DjMYXHDBXFjhvr6DD1NiRVfB4j8g==}

  '@types/webidl-conversions@7.0.3':
    resolution: {integrity: sha512-CiJJvcRtIgzadHCYXw7dqEnMNRjhGZlYK05Mj9OyktqV8uVT8fD2BFOB7S1uwBE3Kj2Z+4UyPmFw/Ixgw/LAlA==}

  '@types/whatwg-url@11.0.5':
    resolution: {integrity: sha512-coYR071JRaHa+xoEvvYqvnIHaVqaYrLPbsufM9BF63HkwI5Lgmy2QR8Q5K/lYDYo5AK82wOvSOS0UsLTpTG7uQ==}

  '@valibot/to-json-schema@1.3.0':
    resolution: {integrity: sha512-82Vv6x7sOYhv5YmTRgSppSqj1nn2pMCk5BqCMGWYp0V/fq+qirrbGncqZAtZ09/lrO40ne/7z8ejwE728aVreg==}
    peerDependencies:
      valibot: ^1.1.0

  argparse@2.0.1:
    resolution: {integrity: sha512-8+9WqebbFzpX9OR+Wa6O29asIogeRMzcGtAINdpMHHyAg10f05aSFVBbcEqGf/PXw1EjAZ+q2/bEBg3DvurK3Q==}

  arktype@2.0.0-rc.25:
    resolution: {integrity: sha512-ck1kRLda55Pv6L3vIIjRb6A22LqUcjitxPGS3OscOKwFcxNReaj+ItJJiysebBbbUy+ESouXTJ+vvck33spGDQ==}

  atomic-sleep@1.0.0:
    resolution: {integrity: sha512-kNOjDqAh7px0XWNI+4QbzoiR/nTkHAWNud2uvnJquD1/x5a7EQZMJT0AczqK0Qn67oY/TTQ1LbUKajZpp3I9tQ==}
    engines: {node: '>=8.0.0'}

  bson@6.10.4:
    resolution: {integrity: sha512-WIsKqkSC0ABoBJuT1LEX+2HEvNmNKKgnTAyd0fL8qzK4SH2i9NXg+t08YtdZp/V9IZ33cxe3iV4yM0qg8lMQng==}
    engines: {node: '>=16.20.1'}

  clone@2.1.2:
    resolution: {integrity: sha512-3Pe/CF1Nn94hyhIYpjtiLhdCoEoz0DqQ+988E9gmeEdQZlojxnOb74wctFyuwWQHzqyf9X7C7MG8juUpqBJT8w==}
    engines: {node: '>=0.8'}

  colorette@2.0.20:
    resolution: {integrity: sha512-IfEDxwoWIjkeXL1eXcDiow4UbKjhLdq6/EuSVR9GMN7KVH3r9gQ83e73hsz1Nd1T3ijd5xv1wcWRYO+D6kCI2w==}

  dateformat@4.6.3:
    resolution: {integrity: sha512-2P0p0pFGzHS5EMnhdxQi7aJN+iMheud0UhG4dlE1DLAlvL8JHjJJTX/CSm4JXwV0Ka5nGk3zC5mcb5bUQUxxMA==}

  dotenv@17.2.2:
    resolution: {integrity: sha512-Sf2LSQP+bOlhKWWyhFsn0UsfdK/kCWRv1iuA2gXAwt3dyNabr6QSj00I2V10pidqz69soatm9ZwZvpQMTIOd5Q==}
    engines: {node: '>=12'}

  effect@3.17.13:
    resolution: {integrity: sha512-JMz5oBxs/6mu4FP9Csjub4jYMUwMLrp+IzUmSDVIzn2NoeoyOXMl7x1lghfr3dLKWffWrdnv/d8nFFdgrHXPqw==}

  end-of-stream@1.4.5:
    resolution: {integrity: sha512-ooEGc6HP26xXq/N+GCGOT0JKCLDGrq2bQUZrQ7gyrJiZANJ/8YDTxTpQBXGMn+WbIQXNVpyWymm7KYVICQnyOg==}

  esbuild@0.25.9:
    resolution: {integrity: sha512-CRbODhYyQx3qp7ZEwzxOk4JBqmD/seJrzPa/cGjY1VtIn5E09Oi9/dB4JwctnfZ8Q8iT7rioVv5k/FNT/uf54g==}
    engines: {node: '>=18'}
    hasBin: true

  fast-check@3.23.2:
    resolution: {integrity: sha512-h5+1OzzfCC3Ef7VbtKdcv7zsstUQwUDlYpUTvjeUsJAssPgLn7QzbboPtL5ro04Mq0rPOsMzl7q5hIbRs2wD1A==}
    engines: {node: '>=8.0.0'}

  fast-copy@3.0.2:
    resolution: {integrity: sha512-dl0O9Vhju8IrcLndv2eU4ldt1ftXMqqfgN4H1cpmGV7P6jeB9FwpN9a2c8DPGE1Ys88rNUJVYDHq73CGAGOPfQ==}

  fast-redact@3.5.0:
    resolution: {integrity: sha512-dwsoQlS7h9hMeYUq1W++23NDcBLV4KqONnITDV9DjfS3q1SgDGVrBdvvTLUotWtPSD7asWDV9/CmsZPy8Hf70A==}
    engines: {node: '>=6'}

  fast-safe-stringify@2.1.1:
    resolution: {integrity: sha512-W+KJc2dmILlPplD/H4K9l9LcAHAfPtP6BY84uVLXQ6Evcz9Lcg33Y2z1IVblT6xdY54PXYVHEv+0Wpq8Io6zkA==}

  fsevents@2.3.3:
    resolution: {integrity: sha512-5xoDfX+fL7faATnagmWPpbFtwh/R77WmMMqqHGS65C3vvB0YHrgF+B1YmZ3441tMj5n63k0212XNoJwzlhffQw==}
    engines: {node: ^8.16.0 || ^10.6.0 || >=11.0.0}
    os: [darwin]

  get-tsconfig@4.10.1:
    resolution: {integrity: sha512-auHyJ4AgMz7vgS8Hp3N6HXSmlMdUyhSUrfBF16w153rxtLIEOE+HGqaBppczZvnHLqQJfiHotCYpNhl0lUROFQ==}

  help-me@5.0.0:
    resolution: {integrity: sha512-7xgomUX6ADmcYzFik0HzAxh/73YlKR9bmFzf51CZwR+b6YtzU2m0u49hQCqV6SvlqIqsaxovfwdvbnsw3b/zpg==}

  hono-openapi@0.3.1:
    resolution: {integrity: sha512-8j02qmkE3BJkr+s/tqiauiHy+/OMmM/bvf33G9CZpBRdyM95aVL3fgRj4tNsRdkL+e/rM5+EClozD3jxnwr4eA==}

  hono@4.7.4:
    resolution: {integrity: sha512-Pst8FuGqz3L7tFF+u9Pu70eI0xa5S3LPUmrNd5Jm8nTHze9FxLTK9Kaj5g/k4UcwuJSXTP65SyHOPLrffpcAJg==}
    engines: {node: '>=16.9.0'}

  inversify@6.0.2:
    resolution: {integrity: sha512-i9m8j/7YIv4mDuYXUAcrpKPSaju/CIly9AHK5jvCBeoiM/2KEsuCQTTP+rzSWWpLYWRukdXFSl6ZTk2/uumbiA==}

  joycon@3.1.1:
    resolution: {integrity: sha512-34wB/Y7MW7bzjKRjUKTa46I2Z7eV62Rkhva+KkopW7Qvv/OSWBqvkSY7vusOPrNuZcUG3tApvdVgNB8POj3SPw==}
    engines: {node: '>=10'}

  js-yaml@4.1.0:
    resolution: {integrity: sha512-wpxZs9NoxZaJESJGIZTyDEaYpl0FKSA+FB9aJiyemKhMwkxQg63h4T1KJgUGHpTqPDNRcmmYLugrRjJlBtWvRA==}
    hasBin: true

  json-schema-walker@2.0.0:
    resolution: {integrity: sha512-nXN2cMky0Iw7Af28w061hmxaPDaML5/bQD9nwm1lOoIKEGjHcRGxqWe4MfrkYThYAPjSUhmsp4bJNoLAyVn9Xw==}
    engines: {node: '>=10'}

  memory-pager@1.5.0:
    resolution: {integrity: sha512-ZS4Bp4r/Zoeq6+NLJpP+0Zzm0pR8whtGPf1XExKLJBAczGMnSi3It14OiNCStjQjM6NU1okjQGSxgEZN8eBYKg==}

  minimist@1.2.8:
    resolution: {integrity: sha512-2yyAR8qBkN3YuheJanUpWC5U3bb5osDywNB8RzDVlDwDHbocAJveqqj1u8+SVD7jkWT4yvsHCpWqqWqAxb0zCA==}

  mongodb-connection-string-url@3.0.2:
    resolution: {integrity: sha512-rMO7CGo/9BFwyZABcKAWL8UJwH/Kc2x0g72uhDWzG48URRax5TCIcJ7Rc3RZqffZzO/Gwff/jyKwCU9TN8gehA==}

  mongodb@6.14.2:
    resolution: {integrity: sha512-kMEHNo0F3P6QKDq17zcDuPeaywK/YaJVCEQRzPF3TOM/Bl9MFg64YE5Tu7ifj37qZJMhwU1tl2Ioivws5gRG5Q==}
    engines: {node: '>=16.20.1'}
    peerDependencies:
      '@aws-sdk/credential-providers': ^3.188.0
      '@mongodb-js/zstd': ^1.1.0 || ^2.0.0
      gcp-metadata: ^5.2.0
      kerberos: ^2.0.1
      mongodb-client-encryption: '>=6.0.0 <7'
      snappy: ^7.2.2
      socks: ^2.7.1
    peerDependenciesMeta:
      '@aws-sdk/credential-providers':
        optional: true
      '@mongodb-js/zstd':
        optional: true
      gcp-metadata:
        optional: true
      kerberos:
        optional: true
      mongodb-client-encryption:
        optional: true
      snappy:
        optional: true
      socks:
        optional: true

  on-exit-leak-free@2.1.2:
    resolution: {integrity: sha512-0eJJY6hXLGf1udHwfNftBqH+g73EU4B504nZeKpz1sYRKafAghwxEJunB2O7rDZkL4PGfsMVnTXZ2EjibbqcsA==}
    engines: {node: '>=14.0.0'}

  once@1.4.0:
    resolution: {integrity: sha512-lNaJgI+2Q5URQBkccEKHTQOPaXdUxnZZElQTZY0MFUAuaEqe1E+Nyvgdz/aIyNi6Z9MzO5dv1H8n58/GELp3+w==}

  openapi-types@12.1.3:
    resolution: {integrity: sha512-N4YtSYJqghVu4iek2ZUvcN/0aqH1kRDuNqzcycDxhOUpg7GdvLa2F3DgS6yBNhInhv2r/6I0Flkn7CqL8+nIcw==}

  pino-abstract-transport@2.0.0:
    resolution: {integrity: sha512-F63x5tizV6WCh4R6RHyi2Ml+M70DNRXt/+HANowMflpgGFMAym/VKm6G7ZOQRjqN7XbGxK1Lg9t6ZrtzOaivMw==}

  pino-pretty@13.0.0:
    resolution: {integrity: sha512-cQBBIVG3YajgoUjo1FdKVRX6t9XPxwB9lcNJVD5GCnNM4Y6T12YYx8c6zEejxQsU0wrg9TwmDulcE9LR7qcJqA==}
    hasBin: true

  pino-std-serializers@7.0.0:
    resolution: {integrity: sha512-e906FRY0+tV27iq4juKzSYPbUj2do2X2JX4EzSca1631EB2QJQUqGbDuERal7LCtOpxl6x3+nvo9NPZcmjkiFA==}

  pino@9.6.0:
    resolution: {integrity: sha512-i85pKRCt4qMjZ1+L7sy2Ag4t1atFcdbEt76+7iRJn1g2BvsnRMGu9p8pivl9fs63M2kF/A0OacFZhTub+m/qMg==}
    hasBin: true

  process-warning@4.0.1:
    resolution: {integrity: sha512-3c2LzQ3rY9d0hc1emcsHhfT9Jwz0cChib/QN89oME2R451w5fy3f0afAhERFZAwrbDU43wk12d0ORBpDVME50Q==}

  pump@3.0.3:
    resolution: {integrity: sha512-todwxLMY7/heScKmntwQG8CXVkWUOdYxIvY2s0VWAAMh/nd8SoYiRaKjlr7+iCs984f2P8zvrfWcDDYVb73NfA==}

  punycode@2.3.1:
    resolution: {integrity: sha512-vYt7UD1U9Wg6138shLtLOvdAu+8DsC/ilFtEVHcH+wydcSpNE20AfSOduf6MkRFahL5FY7X1oU7nKVZFtfq8Fg==}
    engines: {node: '>=6'}

  pure-rand@6.1.0:
    resolution: {integrity: sha512-bVWawvoZoBYpp6yIoQtQXHZjmz35RSVHnUOTefl8Vcjr8snTPY1wnpSPMWekcFwbxI6gtmT7rSYPFvz71ldiOA==}

  quick-format-unescaped@4.0.4:
    resolution: {integrity: sha512-tYC1Q1hgyRuHgloV/YXs2w15unPVh8qfu/qCTfhTYamaw7fyhumKa2yGpdSo87vY32rIclj+4fWYQXUMs9EHvg==}

  real-require@0.2.0:
    resolution: {integrity: sha512-57frrGM/OCTLqLOAh0mhVA9VBMHd+9U7Zb2THMGdBUoZVOtGbJzjxsYGDJ3A9AYYCP4hn6y1TVbaOfzWtm5GFg==}
    engines: {node: '>= 12.13.0'}

  resolve-pkg-maps@1.0.0:
    resolution: {integrity: sha512-seS2Tj26TBVOC2NIc2rOe2y2ZO7efxITtLZcGSOnHHNOQ7CkiUBfw0Iw2ck6xkIhPwLhKNLS8BO+hEpngQlqzw==}

  safe-stable-stringify@2.5.0:
    resolution: {integrity: sha512-b3rppTKm9T+PsVCBEOUR46GWI7fdOs00VKZ1+9c1EWDaDMvjQc6tUwuFyIprgGgTcWoVHSKrU8H31ZHA2e0RHA==}
    engines: {node: '>=10'}

  secure-json-parse@2.7.0:
    resolution: {integrity: sha512-6aU+Rwsezw7VR8/nyvKTx8QpWH9FrcYiXXlqC4z5d5XQBDRqtbfsRjnwGyqbi3gddNtWHuEk9OANUotL26qKUw==}

  sonic-boom@4.2.0:
    resolution: {integrity: sha512-INb7TM37/mAcsGmc9hyyI6+QR3rR1zVRu36B0NeGXKnOOLiZOfER5SA+N7X7k3yUYRzLWafduTDvJAfDswwEww==}

  sparse-bitfield@3.0.3:
    resolution: {integrity: sha512-kvzhi7vqKTfkh0PZU+2D2PIllw2ymqJKujUcyPMd9Y75Nv4nPbGJZXNhxsgdQab2BmlDct1YnfQCguEvHr7VsQ==}

  split2@4.2.0:
    resolution: {integrity: sha512-UcjcJOWknrNkF6PLX83qcHM6KHgVKNkV62Y8a5uYDVv9ydGQVwAHMKqHdJje1VTWpljG0WYpCDhrCdAOYH4TWg==}
    engines: {node: '>= 10.x'}

  strip-json-comments@3.1.1:
    resolution: {integrity: sha512-6fPc+R4ihwqP6N/aIv2f1gMH8lOVtWQHoqC4yK6oSDVVocumAsfCqjkXnqiYMhmMwS/mEHLp7Vehlt3ql6lEig==}
    engines: {node: '>=8'}

  thread-stream@3.1.0:
    resolution: {integrity: sha512-OqyPZ9u96VohAyMfJykzmivOrY2wfMSf3C5TtFJVgN+Hm6aj+voFhlK+kZEIv2FBh1X6Xp3DlnCOfEQ3B2J86A==}

  tr46@5.1.1:
    resolution: {integrity: sha512-hdF5ZgjTqgAntKkklYw0R03MG2x/bSzTtkxmIRw/sTNV8YXsCJ1tfLAX23lhxhHJlEf3CRCOCGGWw3vI3GaSPw==}
    engines: {node: '>=18'}

  tsx@4.20.5:
    resolution: {integrity: sha512-+wKjMNU9w/EaQayHXb7WA7ZaHY6hN8WgfvHNQ3t1PnU91/7O8TcTnIhCDYTZwnt8JsO9IBqZ30Ln1r7pPF52Aw==}
    engines: {node: '>=18.0.0'}
    hasBin: true

  typescript@5.9.2:
    resolution: {integrity: sha512-CWBzXQrc/qOkhidw1OzBTQuYRbfyxDXJMVJ1XNwUHGROVmuaeiEm3OslpZ1RV96d7SKKjZKrSJu3+t/xlw3R9A==}
    engines: {node: '>=14.17'}
    hasBin: true

  undici-types@6.21.0:
    resolution: {integrity: sha512-iwDZqg0QAGrg9Rav5H4n0M64c3mkR59cJ6wQp+7C4nI0gsmExaedaYLNO44eT4AtBBwjbTiGPMlt2Md0T9H9JQ==}

  valibot@1.1.0:
    resolution: {integrity: sha512-Nk8lX30Qhu+9txPYTwM0cFlWLdPFsFr6LblzqIySfbZph9+BFsAHsNvHOymEviUepeIW6KFHzpX8TKhbptBXXw==}
    peerDependencies:
      typescript: '>=5'
    peerDependenciesMeta:
      typescript:
        optional: true

  webidl-conversions@7.0.0:
    resolution: {integrity: sha512-VwddBukDzu71offAQR975unBIGqfKZpM+8ZX6ySk8nYhVoo5CYaZyzt3YBvYtRtO+aoGlqxPg/B87NGVZ/fu6g==}
    engines: {node: '>=12'}

  whatwg-url@14.2.0:
    resolution: {integrity: sha512-De72GdQZzNTUBBChsXueQUnPKDkg/5A5zp7pFDuQAj5UFoENpiACU0wlCvzpAGnTkj++ihpKwKyYewn/XNUbKw==}
    engines: {node: '>=18'}

  wrappy@1.0.2:
    resolution: {integrity: sha512-l4Sp/DRseor9wL6EvV2+TuQn63dMkPjZ/sp9XkghTEbV9KlPS1xUsZ3u7/IQO4wxtcFB4bgpQPRcR3QCvezPcQ==}

  zod-openapi@4.2.2:
    resolution: {integrity: sha512-h1H5ODEc4paf3UKH0h3tp9P3W/FeRXo7wk1bo1P7KofhfxosI4vJdOgeIt2aRyqHorxUAjd/kIvxRWENnBqI5w==}
    engines: {node: '>=18'}
    peerDependencies:
      zod: ^3.21.4

  zod@3.25.76:
    resolution: {integrity: sha512-gzUt/qt81nXsFGKIFcC3YnfEAx5NkunCfnDlvuBSSFS02bcXu4Lmea0AFIUwbLWxWPx3d9p8S5QoaujKcNQxcQ==}

snapshots:

  '@apidevtools/json-schema-ref-parser@11.9.3':
    dependencies:
      '@jsdevtools/ono': 7.1.3
      '@types/json-schema': 7.0.15
      js-yaml: 4.1.0

  '@ark/schema@0.25.0':
    dependencies:
      '@ark/util': 0.25.0
    optional: true

  '@ark/util@0.25.0':
    optional: true

  '@esbuild/aix-ppc64@0.25.9':
    optional: true

  '@esbuild/android-arm64@0.25.9':
    optional: true

  '@esbuild/android-arm@0.25.9':
    optional: true

  '@esbuild/android-x64@0.25.9':
    optional: true

  '@esbuild/darwin-arm64@0.25.9':
    optional: true

  '@esbuild/darwin-x64@0.25.9':
    optional: true

  '@esbuild/freebsd-arm64@0.25.9':
    optional: true

  '@esbuild/freebsd-x64@0.25.9':
    optional: true

  '@esbuild/linux-arm64@0.25.9':
    optional: true

  '@esbuild/linux-arm@0.25.9':
    optional: true

  '@esbuild/linux-ia32@0.25.9':
    optional: true

  '@esbuild/linux-loong64@0.25.9':
    optional: true

  '@esbuild/linux-mips64el@0.25.9':
    optional: true

  '@esbuild/linux-ppc64@0.25.9':
    optional: true

  '@esbuild/linux-riscv64@0.25.9':
    optional: true

  '@esbuild/linux-s390x@0.25.9':
    optional: true

  '@esbuild/linux-x64@0.25.9':
    optional: true

  '@esbuild/netbsd-arm64@0.25.9':
    optional: true

  '@esbuild/netbsd-x64@0.25.9':
    optional: true

  '@esbuild/openbsd-arm64@0.25.9':
    optional: true

  '@esbuild/openbsd-x64@0.25.9':
    optional: true

  '@esbuild/openharmony-arm64@0.25.9':
    optional: true

  '@esbuild/sunos-x64@0.25.9':
    optional: true

  '@esbuild/win32-arm64@0.25.9':
    optional: true

  '@esbuild/win32-ia32@0.25.9':
    optional: true

  '@esbuild/win32-x64@0.25.9':
    optional: true

  '@hono/arktype-validator@2.0.1(arktype@2.0.0-rc.25)(hono@4.7.4)':
    dependencies:
      arktype: 2.0.0-rc.25
      hono: 4.7.4
    optional: true

  '@hono/effect-validator@1.2.0(effect@3.17.13)(hono@4.7.4)':
    dependencies:
      effect: 3.17.13
      hono: 4.7.4
    optional: true

  '@hono/node-server@1.19.1(hono@4.7.4)':
    dependencies:
      hono: 4.7.4

  '@hono/typebox-validator@0.2.6(@sinclair/typebox@0.34.41)(hono@4.7.4)':
    dependencies:
      '@sinclair/typebox': 0.34.41
      hono: 4.7.4
    optional: true

  '@hono/valibot-validator@0.5.3(hono@4.7.4)(valibot@1.1.0(typescript@5.9.2))':
    dependencies:
      hono: 4.7.4
      valibot: 1.1.0(typescript@5.9.2)
    optional: true

  '@hono/zod-validator@0.4.3(hono@4.7.4)(zod@3.25.76)':
    dependencies:
      hono: 4.7.4
      zod: 3.25.76
    optional: true

  '@jsdevtools/ono@7.1.3': {}

  '@mongodb-js/saslprep@1.3.0':
    dependencies:
      sparse-bitfield: 3.0.3

  '@sinclair/typebox@0.34.41':
    optional: true

  '@standard-schema/spec@1.0.0':
    optional: true

  '@types/json-schema@7.0.15': {}

  '@types/node@20.19.13':
    dependencies:
      undici-types: 6.21.0

  '@types/webidl-conversions@7.0.3': {}

  '@types/whatwg-url@11.0.5':
    dependencies:
      '@types/webidl-conversions': 7.0.3

  '@valibot/to-json-schema@1.3.0(valibot@1.1.0(typescript@5.9.2))':
    dependencies:
      valibot: 1.1.0(typescript@5.9.2)
    optional: true

  argparse@2.0.1: {}

  arktype@2.0.0-rc.25:
    dependencies:
      '@ark/schema': 0.25.0
      '@ark/util': 0.25.0
    optional: true

  atomic-sleep@1.0.0: {}

  bson@6.10.4: {}

  clone@2.1.2: {}

  colorette@2.0.20: {}

  dateformat@4.6.3: {}

  dotenv@17.2.2: {}

  effect@3.17.13:
    dependencies:
      '@standard-schema/spec': 1.0.0
      fast-check: 3.23.2
    optional: true

  end-of-stream@1.4.5:
    dependencies:
      once: 1.4.0

  esbuild@0.25.9:
    optionalDependencies:
      '@esbuild/aix-ppc64': 0.25.9
      '@esbuild/android-arm': 0.25.9
      '@esbuild/android-arm64': 0.25.9
      '@esbuild/android-x64': 0.25.9
      '@esbuild/darwin-arm64': 0.25.9
      '@esbuild/darwin-x64': 0.25.9
      '@esbuild/freebsd-arm64': 0.25.9
      '@esbuild/freebsd-x64': 0.25.9
      '@esbuild/linux-arm': 0.25.9
      '@esbuild/linux-arm64': 0.25.9
      '@esbuild/linux-ia32': 0.25.9
      '@esbuild/linux-loong64': 0.25.9
      '@esbuild/linux-mips64el': 0.25.9
      '@esbuild/linux-ppc64': 0.25.9
      '@esbuild/linux-riscv64': 0.25.9
      '@esbuild/linux-s390x': 0.25.9
      '@esbuild/linux-x64': 0.25.9
      '@esbuild/netbsd-arm64': 0.25.9
      '@esbuild/netbsd-x64': 0.25.9
      '@esbuild/openbsd-arm64': 0.25.9
      '@esbuild/openbsd-x64': 0.25.9
      '@esbuild/openharmony-arm64': 0.25.9
      '@esbuild/sunos-x64': 0.25.9
      '@esbuild/win32-arm64': 0.25.9
      '@esbuild/win32-ia32': 0.25.9
      '@esbuild/win32-x64': 0.25.9

  fast-check@3.23.2:
    dependencies:
      pure-rand: 6.1.0
    optional: true

  fast-copy@3.0.2: {}

  fast-redact@3.5.0: {}

  fast-safe-stringify@2.1.1: {}

  fsevents@2.3.3:
    optional: true

  get-tsconfig@4.10.1:
    dependencies:
      resolve-pkg-maps: 1.0.0

  help-me@5.0.0: {}

  hono-openapi@0.3.1(typescript@5.9.2):
    dependencies:
      json-schema-walker: 2.0.0
    optionalDependencies:
      '@hono/arktype-validator': 2.0.1(arktype@2.0.0-rc.25)(hono@4.7.4)
      '@hono/effect-validator': 1.2.0(effect@3.17.13)(hono@4.7.4)
      '@hono/typebox-validator': 0.2.6(@sinclair/typebox@0.34.41)(hono@4.7.4)
      '@hono/valibot-validator': 0.5.3(hono@4.7.4)(valibot@1.1.0(typescript@5.9.2))
      '@hono/zod-validator': 0.4.3(hono@4.7.4)(zod@3.25.76)
      '@sinclair/typebox': 0.34.41
      '@valibot/to-json-schema': 1.3.0(valibot@1.1.0(typescript@5.9.2))
      arktype: 2.0.0-rc.25
      effect: 3.17.13
      hono: 4.7.4
      openapi-types: 12.1.3
      valibot: 1.1.0(typescript@5.9.2)
      zod: 3.25.76
      zod-openapi: 4.2.2(zod@3.25.76)
    transitivePeerDependencies:
      - typescript

  hono@4.7.4: {}

  inversify@6.0.2: {}

  joycon@3.1.1: {}

  js-yaml@4.1.0:
    dependencies:
      argparse: 2.0.1

  json-schema-walker@2.0.0:
    dependencies:
      '@apidevtools/json-schema-ref-parser': 11.9.3
      clone: 2.1.2

  memory-pager@1.5.0: {}

  minimist@1.2.8: {}

  mongodb-connection-string-url@3.0.2:
    dependencies:
      '@types/whatwg-url': 11.0.5
      whatwg-url: 14.2.0

  mongodb@6.14.2:
    dependencies:
      '@mongodb-js/saslprep': 1.3.0
      bson: 6.10.4
      mongodb-connection-string-url: 3.0.2

  on-exit-leak-free@2.1.2: {}

  once@1.4.0:
    dependencies:
      wrappy: 1.0.2

  openapi-types@12.1.3:
    optional: true

  pino-abstract-transport@2.0.0:
    dependencies:
      split2: 4.2.0

  pino-pretty@13.0.0:
    dependencies:
      colorette: 2.0.20
      dateformat: 4.6.3
      fast-copy: 3.0.2
      fast-safe-stringify: 2.1.1
      help-me: 5.0.0
      joycon: 3.1.1
      minimist: 1.2.8
      on-exit-leak-free: 2.1.2
      pino-abstract-transport: 2.0.0
      pump: 3.0.3
      secure-json-parse: 2.7.0
      sonic-boom: 4.2.0
      strip-json-comments: 3.1.1

  pino-std-serializers@7.0.0: {}

  pino@9.6.0:
    dependencies:
      atomic-sleep: 1.0.0
      fast-redact: 3.5.0
      on-exit-leak-free: 2.1.2
      pino-abstract-transport: 2.0.0
      pino-std-serializers: 7.0.0
      process-warning: 4.0.1
      quick-format-unescaped: 4.0.4
      real-require: 0.2.0
      safe-stable-stringify: 2.5.0
      sonic-boom: 4.2.0
      thread-stream: 3.1.0

  process-warning@4.0.1: {}

  pump@3.0.3:
    dependencies:
      end-of-stream: 1.4.5
      once: 1.4.0

  punycode@2.3.1: {}

  pure-rand@6.1.0:
    optional: true

  quick-format-unescaped@4.0.4: {}

  real-require@0.2.0: {}

  resolve-pkg-maps@1.0.0: {}

  safe-stable-stringify@2.5.0: {}

  secure-json-parse@2.7.0: {}

  sonic-boom@4.2.0:
    dependencies:
      atomic-sleep: 1.0.0

  sparse-bitfield@3.0.3:
    dependencies:
      memory-pager: 1.5.0

  split2@4.2.0: {}

  strip-json-comments@3.1.1: {}

  thread-stream@3.1.0:
    dependencies:
      real-require: 0.2.0

  tr46@5.1.1:
    dependencies:
      punycode: 2.3.1

  tsx@4.20.5:
    dependencies:
      esbuild: 0.25.9
      get-tsconfig: 4.10.1
    optionalDependencies:
      fsevents: 2.3.3

  typescript@5.9.2: {}

  undici-types@6.21.0: {}

  valibot@1.1.0(typescript@5.9.2):
    optionalDependencies:
      typescript: 5.9.2
    optional: true

  webidl-conversions@7.0.0: {}

  whatwg-url@14.2.0:
    dependencies:
      tr46: 5.1.1
      webidl-conversions: 7.0.0

  wrappy@1.0.2: {}

  zod-openapi@4.2.2(zod@3.25.76):
    dependencies:
      zod: 3.25.76

  zod@3.25.76: {}
